{
  "nodes": {
    "comma": {
      "inputs": {
        "flake-compat": [
          "flake-compat"
        ],
        "naersk": "naersk",
        "nixpkgs": [
          "nixpkgs"
        ],
        "utils": [
          "flake-utils"
        ]
      },
      "locked": {
        "lastModified": 1673735094,
        "narHash": "sha256-eshv1LSazs/RAeEn6AaTr8bMVkNDQa0/q8PWrO/CmOk=",
        "owner": "nix-community",
        "repo": "comma",
        "rev": "b99c7130d20cdf53a663ffcdd76359c9bec5aecb",
        "type": "github"
      },
      "original": {
        "owner": "nix-community",
        "repo": "comma",
        "type": "github"
      }
    },
    "crane": {
      "inputs": {
        "flake-compat": [
          "flake-compat"
        ],
        "flake-utils": [
          "flake-utils"
        ],
        "nixpkgs": [
          "nixpkgs"
        ],
        "rust-overlay": "rust-overlay"
      },
      "locked": {
        "lastModified": 1673405853,
        "narHash": "sha256-6Nq9DuOo+gE2I8z5UZaKuumykz2xxZ9JGYmUthOuwSA=",
        "owner": "ipetkov",
        "repo": "crane",
        "rev": "b13963c8c18026aa694acd98d14f66d24666f70b",
        "type": "github"
      },
      "original": {
        "owner": "ipetkov",
        "repo": "crane",
        "type": "github"
      }
    },
    "emacs-overlay": {
      "inputs": {
        "flake-utils": [
          "flake-utils"
        ],
        "nixpkgs": [
          "nixpkgs"
        ]
      },
      "locked": {
        "lastModified": 1674151952,
        "narHash": "sha256-c0dwSGWi8LH2uBsv7ZJK11To1w8oFjTs+d2dtiusGug=",
        "owner": "nix-community",
        "repo": "emacs-overlay",
        "rev": "fa7dedfa5e1171a76ff78a1260064e1b20ec93bb",
        "type": "github"
      },
      "original": {
        "owner": "nix-community",
        "repo": "emacs-overlay",
        "type": "github"
      }
    },
    "fenix": {
      "inputs": {
        "nixpkgs": [
          "nixpkgs"
        ],
        "rust-analyzer-src": "rust-analyzer-src"
      },
      "locked": {
        "lastModified": 1674112135,
        "narHash": "sha256-WTR+TXSg7iQrRAXCBw6apWa3nKPP+cSbcMIUld/wrXA=",
        "owner": "nix-community",
        "repo": "fenix",
        "rev": "09192bf4ff10d7583564e96c4a9251f0aaa16c6d",
        "type": "github"
      },
      "original": {
        "owner": "nix-community",
        "repo": "fenix",
        "type": "github"
      }
    },
    "flake-compat": {
      "flake": false,
      "locked": {
        "lastModified": 1673956053,
        "narHash": "sha256-4gtG9iQuiKITOjNQQeQIpoIB6b16fm+504Ch3sNKLd8=",
        "owner": "edolstra",
        "repo": "flake-compat",
        "rev": "35bb57c0c8d8b62bbfd284272c928ceb64ddbde9",
        "type": "github"
      },
      "original": {
        "owner": "edolstra",
        "repo": "flake-compat",
        "type": "github"
      }
    },
    "flake-utils": {
      "locked": {
        "lastModified": 1667395993,
        "narHash": "sha256-nuEHfE/LcWyuSWnS8t12N1wc105Qtau+/OdUAjtQ0rA=",
        "owner": "numtide",
        "repo": "flake-utils",
        "rev": "5aed5285a952e0b949eb3ba02c12fa4fcfef535f",
        "type": "github"
      },
      "original": {
        "owner": "numtide",
        "repo": "flake-utils",
        "type": "github"
      }
    },
    "haskell-overlay": {
      "locked": {
        "lastModified": 1667282725,
        "narHash": "sha256-16pHe95ok9q1t9wDDAFGy+1hwIyb3D26a8Fn4DLN0j8=",
        "owner": "evanrelf",
        "repo": "haskell-overlay",
        "rev": "b65c9b30f6db4537264854ab645f4557fa14645b",
        "type": "github"
      },
      "original": {
        "owner": "evanrelf",
        "repo": "haskell-overlay",
        "type": "github"
      }
    },
    "home-manager": {
      "inputs": {
        "nixpkgs": [
          "nixpkgs"
        ],
        "utils": "utils"
      },
      "locked": {
        "lastModified": 1674082145,
        "narHash": "sha256-4IpEt5Jc6VrNcpIcrKMCZAyeJMLXaaHk+yOV9HusO/A=",
        "owner": "nix-community",
        "repo": "home-manager",
        "rev": "7026e1a934abfa02623c9870378dbcdac3cd7f80",
        "type": "github"
      },
      "original": {
        "owner": "nix-community",
        "repo": "home-manager",
        "type": "github"
      }
    },
    "hotpot": {
      "flake": false,
      "locked": {
        "lastModified": 1669984370,
        "narHash": "sha256-UqyL7uJ4uYpsqyQoGcGQF24Qtl2bTEEFD7fOYvgBfDE=",
        "owner": "rktjmp",
        "repo": "hotpot.nvim",
        "rev": "1002bcdea7af06c5a7bfce0536d96bc4b03ab42e",
        "type": "github"
      },
      "original": {
        "owner": "rktjmp",
        "repo": "hotpot.nvim",
        "type": "github"
      }
    },
    "naersk": {
      "inputs": {
        "nixpkgs": [
          "comma",
          "nixpkgs"
        ]
      },
      "locked": {
        "lastModified": 1662220400,
        "narHash": "sha256-9o2OGQqu4xyLZP9K6kNe1pTHnyPz0Wr3raGYnr9AIgY=",
        "owner": "nix-community",
        "repo": "naersk",
        "rev": "6944160c19cb591eb85bbf9b2f2768a935623ed3",
        "type": "github"
      },
      "original": {
        "owner": "nix-community",
        "ref": "master",
        "repo": "naersk",
        "type": "github"
      }
    },
    "nixpkgs": {
      "locked": {
        "lastModified": 1674151847,
        "narHash": "sha256-OGZ5dJjsxtqJVBjE6ACrvNlMID7XD3hE0O9Ylaj+yu0=",
        "owner": "NixOS",
        "repo": "nixpkgs",
        "rev": "4f50411cfc6cb793479818dec6b88732474a4afe",
        "type": "github"
      },
      "original": {
        "owner": "NixOS",
        "repo": "nixpkgs",
        "type": "github"
      }
    },
    "packer": {
      "flake": false,
      "locked": {
        "lastModified": 1673481162,
        "narHash": "sha256-YAhAFiR31aGl2SEsA/itP+KgkLyV58EJEwosdc+No9s=",
        "owner": "wbthomason",
        "repo": "packer.nvim",
        "rev": "1d0cf98a561f7fd654c970c49f917d74fafe1530",
        "type": "github"
      },
      "original": {
        "owner": "wbthomason",
        "repo": "packer.nvim",
        "type": "github"
      }
    },
    "paq": {
      "flake": false,
      "locked": {
        "lastModified": 1673044676,
        "narHash": "sha256-zCj+WoS4WEY8zO+tJM0EPgmTXg+9CZenKZqKkP0m73Q=",
        "owner": "savq",
        "repo": "paq-nvim",
        "rev": "6506548ab3d4a590473d47c03049cf55a1c32b3a",
        "type": "github"
      },
      "original": {
        "owner": "savq",
        "repo": "paq-nvim",
        "type": "github"
      }
    },
    "root": {
      "inputs": {
        "comma": "comma",
        "crane": "crane",
        "emacs-overlay": "emacs-overlay",
        "fenix": "fenix",
        "flake-compat": "flake-compat",
        "flake-utils": "flake-utils",
        "haskell-overlay": "haskell-overlay",
        "home-manager": "home-manager",
        "hotpot": "hotpot",
        "nixpkgs": "nixpkgs",
        "packer": "packer",
        "paq": "paq"
      }
    },
    "rust-analyzer-src": {
      "flake": false,
      "locked": {
        "lastModified": 1674074384,
        "narHash": "sha256-lcURT57ewwFlDMKnPoDTIqJ0pMvCowzrLkYidUP/n/E=",
        "owner": "rust-lang",
        "repo": "rust-analyzer",
        "rev": "93c8ae08dd6d4ffdfb1be265e6159274c0f7f72a",
        "type": "github"
      },
      "original": {
        "owner": "rust-lang",
        "ref": "nightly",
        "repo": "rust-analyzer",
        "type": "github"
      }
    },
    "rust-overlay": {
      "inputs": {
        "flake-utils": [
          "crane",
          "flake-utils"
        ],
        "nixpkgs": [
          "crane",
          "nixpkgs"
        ]
      },
      "locked": {
        "lastModified": 1672712534,
        "narHash": "sha256-8S0DdMPcbITnlOu0uA81mTo3hgX84wK8S9wS34HEFY4=",
        "owner": "oxalica",
        "repo": "rust-overlay",
        "rev": "69fb7bf0a8c40e6c4c197fa1816773774c8ac59f",
        "type": "github"
      },
      "original": {
        "owner": "oxalica",
        "repo": "rust-overlay",
        "type": "github"
      }
    },
    "utils": {
      "locked": {
        "lastModified": 1667395993,
        "narHash": "sha256-nuEHfE/LcWyuSWnS8t12N1wc105Qtau+/OdUAjtQ0rA=",
        "owner": "numtide",
        "repo": "flake-utils",
        "rev": "5aed5285a952e0b949eb3ba02c12fa4fcfef535f",
        "type": "github"
      },
      "original": {
        "owner": "numtide",
        "repo": "flake-utils",
        "type": "github"
      }
    }
  },
  "root": "root",
  "version": 7
}
