{
  "nodes": {
    "comma": {
      "inputs": {
        "flake-compat": [
          "flake-compat"
        ],
        "naersk": "naersk",
        "nixpkgs": [
          "nixpkgs"
        ],
        "utils": [
          "flake-utils"
        ]
      },
      "locked": {
        "lastModified": 1663284638,
        "narHash": "sha256-rXAX14yB8v9BOG4ZsdGEedpZAnNqhQ4DtjQwzFX/TLY=",
        "owner": "nix-community",
        "repo": "comma",
        "rev": "c83ff3839983b3cb8deb407ff618ca12179de588",
        "type": "github"
      },
      "original": {
        "owner": "nix-community",
        "repo": "comma",
        "type": "github"
      }
    },
    "crane": {
      "inputs": {
        "flake-compat": [
          "flake-compat"
        ],
        "flake-utils": [
          "flake-utils"
        ],
        "nixpkgs": [
          "nixpkgs"
        ]
      },
      "locked": {
        "lastModified": 1664412889,
        "narHash": "sha256-gyVtTQf3CiXLe1cwNRFxqUqYl9BCmIDvK7hIpzR/oQU=",
        "owner": "ipetkov",
        "repo": "crane",
        "rev": "755acd231a7de182fdc772bee1b2a1f21d4ec9ed",
        "type": "github"
      },
      "original": {
        "owner": "ipetkov",
        "repo": "crane",
        "type": "github"
      }
    },
    "flake-compat": {
      "flake": false,
      "locked": {
        "lastModified": 1650374568,
        "narHash": "sha256-Z+s0J8/r907g149rllvwhb4pKi8Wam5ij0st8PwAh+E=",
        "owner": "edolstra",
        "repo": "flake-compat",
        "rev": "b4a34015c698c7793d592d66adbab377907a2be8",
        "type": "github"
      },
      "original": {
        "owner": "edolstra",
        "repo": "flake-compat",
        "type": "github"
      }
    },
    "flake-utils": {
      "locked": {
        "lastModified": 1659877975,
        "narHash": "sha256-zllb8aq3YO3h8B/U0/J1WBgAL8EX5yWf5pMj3G0NAmc=",
        "owner": "numtide",
        "repo": "flake-utils",
        "rev": "c0e246b9b83f637f4681389ecabcb2681b4f3af0",
        "type": "github"
      },
      "original": {
        "owner": "numtide",
        "repo": "flake-utils",
        "type": "github"
      }
    },
    "haskell-overlay": {
      "locked": {
        "lastModified": 1647282478,
        "narHash": "sha256-rejN2/JgXeTur9KY/0QQQMe6Dt0fiextq46+hZmJ2zc=",
        "owner": "evanrelf",
        "repo": "haskell-overlay",
        "rev": "a81293ba5785bb80ea660a0fb4a612d9517a7497",
        "type": "github"
      },
      "original": {
        "owner": "evanrelf",
        "repo": "haskell-overlay",
        "type": "github"
      }
    },
    "home-manager": {
      "inputs": {
        "nixpkgs": [
          "nixpkgs"
        ],
        "utils": "utils"
      },
      "locked": {
        "lastModified": 1664556895,
        "narHash": "sha256-7QP2pUoqvhIvZD5q0FPYNhOk8n2eTUfqgvSX9vQfuzI=",
        "owner": "nix-community",
        "repo": "home-manager",
        "rev": "a053da0f22a05ceda845c824cf964077515c7669",
        "type": "github"
      },
      "original": {
        "owner": "nix-community",
        "repo": "home-manager",
        "type": "github"
      }
    },
    "naersk": {
      "inputs": {
        "nixpkgs": [
          "comma",
          "nixpkgs"
        ]
      },
      "locked": {
        "lastModified": 1662220400,
        "narHash": "sha256-9o2OGQqu4xyLZP9K6kNe1pTHnyPz0Wr3raGYnr9AIgY=",
        "owner": "nix-community",
        "repo": "naersk",
        "rev": "6944160c19cb591eb85bbf9b2f2768a935623ed3",
        "type": "github"
      },
      "original": {
        "owner": "nix-community",
        "ref": "master",
        "repo": "naersk",
        "type": "github"
      }
    },
    "nixpkgs": {
      "locked": {
        "lastModified": 1664559231,
        "narHash": "sha256-BnHhlClckxUc+TkLr8W0SPdKc2Ct8zn06ZAK2kDqSwY=",
        "owner": "NixOS",
        "repo": "nixpkgs",
        "rev": "614cd1390c230a94ac95b89838136b23f03646bd",
        "type": "github"
      },
      "original": {
        "owner": "NixOS",
        "repo": "nixpkgs",
        "type": "github"
      }
    },
    "root": {
      "inputs": {
        "comma": "comma",
        "crane": "crane",
        "flake-compat": "flake-compat",
        "flake-utils": "flake-utils",
        "haskell-overlay": "haskell-overlay",
        "home-manager": "home-manager",
        "nixpkgs": "nixpkgs"
      }
    },
    "utils": {
      "locked": {
        "lastModified": 1659877975,
        "narHash": "sha256-zllb8aq3YO3h8B/U0/J1WBgAL8EX5yWf5pMj3G0NAmc=",
        "owner": "numtide",
        "repo": "flake-utils",
        "rev": "c0e246b9b83f637f4681389ecabcb2681b4f3af0",
        "type": "github"
      },
      "original": {
        "owner": "numtide",
        "repo": "flake-utils",
        "type": "github"
      }
    }
  },
  "root": "root",
  "version": 7
}
