{
  "nodes": {
    "emacs-overlay": {
      "locked": {
        "lastModified": 1637515331,
        "narHash": "sha256-fLfycI+PrBeRaP8CRdlxj3Kkqib+YlPdQIFCUAoj56w=",
        "owner": "nix-community",
        "repo": "emacs-overlay",
        "rev": "86ceb863bc9cca9150666acce49ee2fe50e73cb0",
        "type": "github"
      },
      "original": {
        "owner": "nix-community",
        "repo": "emacs-overlay",
        "type": "github"
      }
    },
    "flake-utils": {
      "locked": {
        "lastModified": 1637014545,
        "narHash": "sha256-26IZAc5yzlD9FlDT54io1oqG/bBoyka+FJk5guaX4x4=",
        "owner": "numtide",
        "repo": "flake-utils",
        "rev": "bba5dcc8e0b20ab664967ad83d24d64cb64ec4f4",
        "type": "github"
      },
      "original": {
        "owner": "numtide",
        "repo": "flake-utils",
        "type": "github"
      }
    },
    "nixpkgs": {
      "locked": {
        "lastModified": 1637523980,
        "narHash": "sha256-nBbVQHJtR7a+Ctyo67aGc1lwUsoeMhK9PVTh6pB+aYk=",
        "owner": "NixOS",
        "repo": "nixpkgs",
        "rev": "4f871e232b8827b0b1d22bc40bc1b0dfa4473156",
        "type": "github"
      },
      "original": {
        "owner": "NixOS",
        "repo": "nixpkgs",
        "type": "github"
      }
    },
    "root": {
      "inputs": {
        "emacs-overlay": "emacs-overlay",
        "flake-utils": "flake-utils",
        "nixpkgs": "nixpkgs"
      }
    }
  },
  "root": "root",
  "version": 7
}
